
Microsoft Visual Studio Solution File, Format Version 12.00
# Visual Studio Version 17
VisualStudioVersion = 17.12.35527.113
MinimumVisualStudioVersion = 10.0.40219.1
Project("{2150E333-8FDC-42A3-9474-1A3956D46DE8}") = "Services", "Services", "{8AD07C1A-B654-4D63-BA02-CCC283192007}"
EndProject
Project("{2150E333-8FDC-42A3-9474-1A3956D46DE8}") = "FileTransfer", "FileTransfer", "{E14AF59F-958A-4298-8673-759A5CC67206}"
EndProject
Project("{FAE04EC0-301F-11D3-BF4B-00C04F79EFBC}") = "Application", "src\Services\FileTransfer\Application\Application.csproj", "{4FF7C167-427B-4142-9509-22B3596EA315}"
EndProject
Project("{FAE04EC0-301F-11D3-BF4B-00C04F79EFBC}") = "Domain", "src\Services\FileTransfer\Domain\Domain.csproj", "{D253F28E-FBE5-47C0-9325-2CB55ADB92CD}"
EndProject
Project("{FAE04EC0-301F-11D3-BF4B-00C04F79EFBC}") = "Infrastructure", "src\Services\FileTransfer\Infrastructure\Infrastructure.csproj", "{2CBC25FB-4CE8-438D-B53C-C9633B2E9932}"
EndProject
Project("{FAE04EC0-301F-11D3-BF4B-00C04F79EFBC}") = "Presentation", "src\Services\FileTransfer\Presentation\Presentation.csproj", "{1C207893-0986-48FE-948B-35E780574030}"
EndProject
Project("{FAE04EC0-301F-11D3-BF4B-00C04F79EFBC}") = "WebApi", "src\Services\FileTransfer\WebApi\WebApi.csproj", "{522FEFF5-D234-433D-9D18-D406A98BC2EA}"
EndProject
Project("{2150E333-8FDC-42A3-9474-1A3956D46DE8}") = "Solution Items", "Solution Items", "{34A438BD-31FB-4AC8-8139-ED98994FF08F}"
	ProjectSection(SolutionItems) = preProject
		.dockerignore = .dockerignore
		.editorconfig = .editorconfig
		.env = .env
		.env.secrets = .env.secrets
		..\.gitignore = ..\.gitignore
		dev\.notes.txt = dev\.notes.txt
		..\.git\config = ..\.git\config
		Directory.Build.props = Directory.Build.props
		Directory.Packages.props = Directory.Packages.props
		docker-compose.yml = docker-compose.yml
		global.json = global.json
		minio-keys = minio-keys
		postgres-password = postgres-password
		src\Directory.Build.props = src\Directory.Build.props
		dev\FileTransferFunctions.http = dev\FileTransferFunctions.http
	EndProjectSection
EndProject
Project("{2150E333-8FDC-42A3-9474-1A3956D46DE8}") = "Functions", "Functions", "{77BF20A9-EA2E-42FC-8D51-CA37B7DEDBAF}"
EndProject
Project("{2150E333-8FDC-42A3-9474-1A3956D46DE8}") = "Tests", "Tests", "{31D07272-46F9-4C1E-966F-AC23A79CD639}"
	ProjectSection(SolutionItems) = preProject
		test\Directory.Build.props = test\Directory.Build.props
	EndProjectSection
EndProject
Project("{2150E333-8FDC-42A3-9474-1A3956D46DE8}") = "Unit", "Unit", "{0C4B3C3A-8013-4B89-AE29-AB0F53996A69}"
EndProject
Project("{2150E333-8FDC-42A3-9474-1A3956D46DE8}") = "Integration", "Integration", "{E429DAB5-32E9-48FB-995D-7806E2E114E2}"
EndProject
Project("{FAE04EC0-301F-11D3-BF4B-00C04F79EFBC}") = "Service.Tests", "test\Unit\Service.Tests\Service.Tests.csproj", "{AB315139-5252-48A5-8193-1977EB696248}"
EndProject
Project("{FAE04EC0-301F-11D3-BF4B-00C04F79EFBC}") = "Function.Tests", "test\Unit\Function.Tests\Function.Tests.csproj", "{B43C476E-58DD-4122-8AA8-DB5E26D2CD72}"
EndProject
Project("{FAE04EC0-301F-11D3-BF4B-00C04F79EFBC}") = "Service.Tests", "test\Integration\Service.Tests\Service.Tests.csproj", "{E28677AD-6F4D-4C07-B05E-C9CB40C7AB5E}"
EndProject
Project("{2150E333-8FDC-42A3-9474-1A3956D46DE8}") = "Common", "Common", "{44C79AF2-B0B3-404F-B437-A04C82B0B57B}"
EndProject
Project("{FAE04EC0-301F-11D3-BF4B-00C04F79EFBC}") = "Domain", "src\Services\Common\Domain\Domain.csproj", "{2700AB47-636E-4D10-98BC-67C3189AACB4}"
EndProject
Project("{2150E333-8FDC-42A3-9474-1A3956D46DE8}") = "deployment", "deployment", "{203DE8DD-CC13-4857-A98D-F0BC32AD71BA}"
EndProject
Project("{2150E333-8FDC-42A3-9474-1A3956D46DE8}") = "postgres", "postgres", "{403AA2FF-4781-4CF2-90BA-11B7F021A337}"
	ProjectSection(SolutionItems) = preProject
		deployment\docker\postgres\Dockerfile = deployment\docker\postgres\Dockerfile
	EndProjectSection
EndProject
Project("{FAE04EC0-301F-11D3-BF4B-00C04F79EFBC}") = "Persistence", "src\Services\Common\Persistence\Persistence.csproj", "{1FD6B13B-E9A6-46FB-8B7B-D3E1A693FBBA}"
EndProject
Project("{FAE04EC0-301F-11D3-BF4B-00C04F79EFBC}") = "Application", "src\Services\Common\Application\Application.csproj", "{786C3909-D72E-4660-8233-6A94960D5798}"
EndProject
Project("{2150E333-8FDC-42A3-9474-1A3956D46DE8}") = "Tools", "Tools", "{E31BAA2D-B8BA-4FE4-87C5-09FBFD43FD6E}"
EndProject
Project("{FAE04EC0-301F-11D3-BF4B-00C04F79EFBC}") = "TestDataGenerator", "tools\TestDataGenerator\TestDataGenerator.csproj", "{A085E387-C54A-464E-A4F5-BBAD2130A5D1}"
EndProject
Project("{2150E333-8FDC-42A3-9474-1A3956D46DE8}") = "CI", "CI", "{E57F252C-8F68-489C-8987-C23D12EDB857}"
EndProject
Project("{2150E333-8FDC-42A3-9474-1A3956D46DE8}") = "github", "github", "{6514B3C4-8BC4-4A32-AE76-DD60C7FF4628}"
	ProjectSection(SolutionItems) = preProject
		..\.github\workflows\CI.yml = ..\.github\workflows\CI.yml
	EndProjectSection
EndProject
Project("{2150E333-8FDC-42A3-9474-1A3956D46DE8}") = "minio", "minio", "{DA015CBF-9DE1-4E1A-80CA-90860F3A0BBE}"
	ProjectSection(SolutionItems) = preProject
		deployment\docker\minio\Dockerfile = deployment\docker\minio\Dockerfile
	EndProjectSection
EndProject
Project("{FAE04EC0-301F-11D3-BF4B-00C04F79EFBC}") = "SharedKernel", "src\Services\SharedKernel\SharedKernel.csproj", "{D7BDEB41-0B6E-4874-B827-5F6568768E57}"
EndProject
Project("{2150E333-8FDC-42A3-9474-1A3956D46DE8}") = "Maintenance", "Maintenance", "{7A4055D1-4B5F-4278-92CC-03117B1834DB}"
EndProject
Project("{FAE04EC0-301F-11D3-BF4B-00C04F79EFBC}") = "WebApi", "src\Services\Maintenance\WebApi\WebApi.csproj", "{ACE79AB8-A3F2-495E-8263-C0AB51804987}"
EndProject
Project("{FAE04EC0-301F-11D3-BF4B-00C04F79EFBC}") = "WebApi", "src\Services\Common\WebApi\WebApi.csproj", "{0C108DF9-C050-4D10-89DC-9B5576C1341D}"
EndProject
Project("{2150E333-8FDC-42A3-9474-1A3956D46DE8}") = "azure", "azure", "{08FB74A1-AF5B-4136-8D51-5B50E0088BB7}"
	ProjectSection(SolutionItems) = preProject
		..\.azure\CI.yml = ..\.azure\CI.yml
		..\.azure\deploy-functions.yml = ..\.azure\deploy-functions.yml
		..\.azure\deploy-maintenance.yml = ..\.azure\deploy-maintenance.yml
		..\.azure\deploy-maintenance-functions.yml = ..\.azure\deploy-maintenance-functions.yml
	EndProjectSection
EndProject
Project("{FAE04EC0-301F-11D3-BF4B-00C04F79EFBC}") = "Tests.Common", "test\Tests.Common\Tests.Common.csproj", "{CBE0005E-A480-4E80-8DD2-6548B25F6914}"
EndProject
Project("{2150E333-8FDC-42A3-9474-1A3956D46DE8}") = "Azure", "Azure", "{E516BB28-415D-4272-AC0A-0DC5948CBE61}"
EndProject
Project("{FAE04EC0-301F-11D3-BF4B-00C04F79EFBC}") = "FileTransfer", "src\Functions\Azure\FileTransfer\FileTransfer.csproj", "{9EA582A7-0A39-4EAD-9F87-20CF93A27175}"
EndProject
Project("{FAE04EC0-301F-11D3-BF4B-00C04F79EFBC}") = "Presentation", "src\Services\Common\Presentation\Presentation.csproj", "{817B15B9-64AC-4AEC-8CF4-66C9BBB93D5F}"
EndProject
Project("{FAE04EC0-301F-11D3-BF4B-00C04F79EFBC}") = "Azure", "src\Services\Common\Azure\Azure.csproj", "{60C3B8DD-D041-4053-8A37-DC37ACDF9113}"
EndProject
Project("{2150E333-8FDC-42A3-9474-1A3956D46DE8}") = "Gateway", "Gateway", "{86B778DC-F2E0-4101-89DA-19EED084C44F}"
EndProject
Project("{FAE04EC0-301F-11D3-BF4B-00C04F79EFBC}") = "WebApi", "src\Services\Gateway\WebApi\WebApi.csproj", "{5FA563C5-DEA9-48E5-9C13-97E83482DEE9}"
EndProject
Project("{FAE04EC0-301F-11D3-BF4B-00C04F79EFBC}") = "Infrastructure", "src\Services\Common\Infrastructure\Infrastructure.csproj", "{9D5B3D32-4DAD-4211-852A-5CB0FF8853B0}"
EndProject
Project("{2150E333-8FDC-42A3-9474-1A3956D46DE8}") = "Authentication", "Authentication", "{806748D8-C667-449F-A11E-E3CF46F7516D}"
EndProject
Project("{FAE04EC0-301F-11D3-BF4B-00C04F79EFBC}") = "WebApi", "src\Services\Authentication\WebApi\WebApi.csproj", "{F02714D0-FBFF-4E16-81BE-3A00F089892A}"
EndProject
Project("{FAE04EC0-301F-11D3-BF4B-00C04F79EFBC}") = "Domain", "src\Services\Authentication\Domain\Domain.csproj", "{2D3EAB69-30E4-4420-B05E-35B50F06440C}"
EndProject
Project("{FAE04EC0-301F-11D3-BF4B-00C04F79EFBC}") = "Application", "src\Services\Authentication\Application\Application.csproj", "{D57E5C89-6790-4E1F-957C-A8D44241AFAF}"
EndProject
Project("{FAE04EC0-301F-11D3-BF4B-00C04F79EFBC}") = "Infrastructure", "src\Services\Authentication\Infrastructure\Infrastructure.csproj", "{9E034C8D-A572-4298-A6F5-DACEC9CC6362}"
EndProject
Project("{FAE04EC0-301F-11D3-BF4B-00C04F79EFBC}") = "Presentation", "src\Services\Authentication\Presentation\Presentation.csproj", "{3214CA82-C917-4300-B82F-C772479513A7}"
EndProject
Global
	GlobalSection(SolutionConfigurationPlatforms) = preSolution
		Debug|Any CPU = Debug|Any CPU
		Release|Any CPU = Release|Any CPU
	EndGlobalSection
	GlobalSection(ProjectConfigurationPlatforms) = postSolution
		{4FF7C167-427B-4142-9509-22B3596EA315}.Debug|Any CPU.ActiveCfg = Debug|Any CPU
		{4FF7C167-427B-4142-9509-22B3596EA315}.Debug|Any CPU.Build.0 = Debug|Any CPU
		{4FF7C167-427B-4142-9509-22B3596EA315}.Release|Any CPU.ActiveCfg = Release|Any CPU
		{4FF7C167-427B-4142-9509-22B3596EA315}.Release|Any CPU.Build.0 = Release|Any CPU
		{D253F28E-FBE5-47C0-9325-2CB55ADB92CD}.Debug|Any CPU.ActiveCfg = Debug|Any CPU
		{D253F28E-FBE5-47C0-9325-2CB55ADB92CD}.Debug|Any CPU.Build.0 = Debug|Any CPU
		{D253F28E-FBE5-47C0-9325-2CB55ADB92CD}.Release|Any CPU.ActiveCfg = Release|Any CPU
		{D253F28E-FBE5-47C0-9325-2CB55ADB92CD}.Release|Any CPU.Build.0 = Release|Any CPU
		{2CBC25FB-4CE8-438D-B53C-C9633B2E9932}.Debug|Any CPU.ActiveCfg = Debug|Any CPU
		{2CBC25FB-4CE8-438D-B53C-C9633B2E9932}.Debug|Any CPU.Build.0 = Debug|Any CPU
		{2CBC25FB-4CE8-438D-B53C-C9633B2E9932}.Release|Any CPU.ActiveCfg = Release|Any CPU
		{2CBC25FB-4CE8-438D-B53C-C9633B2E9932}.Release|Any CPU.Build.0 = Release|Any CPU
		{1C207893-0986-48FE-948B-35E780574030}.Debug|Any CPU.ActiveCfg = Debug|Any CPU
		{1C207893-0986-48FE-948B-35E780574030}.Debug|Any CPU.Build.0 = Debug|Any CPU
		{1C207893-0986-48FE-948B-35E780574030}.Release|Any CPU.ActiveCfg = Release|Any CPU
		{1C207893-0986-48FE-948B-35E780574030}.Release|Any CPU.Build.0 = Release|Any CPU
		{522FEFF5-D234-433D-9D18-D406A98BC2EA}.Debug|Any CPU.ActiveCfg = Debug|Any CPU
		{522FEFF5-D234-433D-9D18-D406A98BC2EA}.Debug|Any CPU.Build.0 = Debug|Any CPU
		{522FEFF5-D234-433D-9D18-D406A98BC2EA}.Release|Any CPU.ActiveCfg = Release|Any CPU
		{522FEFF5-D234-433D-9D18-D406A98BC2EA}.Release|Any CPU.Build.0 = Release|Any CPU
		{AB315139-5252-48A5-8193-1977EB696248}.Debug|Any CPU.ActiveCfg = Debug|Any CPU
		{AB315139-5252-48A5-8193-1977EB696248}.Debug|Any CPU.Build.0 = Debug|Any CPU
		{AB315139-5252-48A5-8193-1977EB696248}.Release|Any CPU.ActiveCfg = Release|Any CPU
		{AB315139-5252-48A5-8193-1977EB696248}.Release|Any CPU.Build.0 = Release|Any CPU
		{B43C476E-58DD-4122-8AA8-DB5E26D2CD72}.Debug|Any CPU.ActiveCfg = Debug|Any CPU
		{B43C476E-58DD-4122-8AA8-DB5E26D2CD72}.Debug|Any CPU.Build.0 = Debug|Any CPU
		{B43C476E-58DD-4122-8AA8-DB5E26D2CD72}.Release|Any CPU.ActiveCfg = Release|Any CPU
		{B43C476E-58DD-4122-8AA8-DB5E26D2CD72}.Release|Any CPU.Build.0 = Release|Any CPU
		{E28677AD-6F4D-4C07-B05E-C9CB40C7AB5E}.Debug|Any CPU.ActiveCfg = Debug|Any CPU
		{E28677AD-6F4D-4C07-B05E-C9CB40C7AB5E}.Debug|Any CPU.Build.0 = Debug|Any CPU
		{E28677AD-6F4D-4C07-B05E-C9CB40C7AB5E}.Release|Any CPU.ActiveCfg = Release|Any CPU
		{E28677AD-6F4D-4C07-B05E-C9CB40C7AB5E}.Release|Any CPU.Build.0 = Release|Any CPU
		{2700AB47-636E-4D10-98BC-67C3189AACB4}.Debug|Any CPU.ActiveCfg = Debug|Any CPU
		{2700AB47-636E-4D10-98BC-67C3189AACB4}.Debug|Any CPU.Build.0 = Debug|Any CPU
		{2700AB47-636E-4D10-98BC-67C3189AACB4}.Release|Any CPU.ActiveCfg = Release|Any CPU
		{2700AB47-636E-4D10-98BC-67C3189AACB4}.Release|Any CPU.Build.0 = Release|Any CPU
		{1FD6B13B-E9A6-46FB-8B7B-D3E1A693FBBA}.Debug|Any CPU.ActiveCfg = Debug|Any CPU
		{1FD6B13B-E9A6-46FB-8B7B-D3E1A693FBBA}.Debug|Any CPU.Build.0 = Debug|Any CPU
		{1FD6B13B-E9A6-46FB-8B7B-D3E1A693FBBA}.Release|Any CPU.ActiveCfg = Release|Any CPU
		{1FD6B13B-E9A6-46FB-8B7B-D3E1A693FBBA}.Release|Any CPU.Build.0 = Release|Any CPU
		{786C3909-D72E-4660-8233-6A94960D5798}.Debug|Any CPU.ActiveCfg = Debug|Any CPU
		{786C3909-D72E-4660-8233-6A94960D5798}.Debug|Any CPU.Build.0 = Debug|Any CPU
		{786C3909-D72E-4660-8233-6A94960D5798}.Release|Any CPU.ActiveCfg = Release|Any CPU
		{786C3909-D72E-4660-8233-6A94960D5798}.Release|Any CPU.Build.0 = Release|Any CPU
		{A085E387-C54A-464E-A4F5-BBAD2130A5D1}.Debug|Any CPU.ActiveCfg = Debug|Any CPU
		{A085E387-C54A-464E-A4F5-BBAD2130A5D1}.Debug|Any CPU.Build.0 = Debug|Any CPU
		{A085E387-C54A-464E-A4F5-BBAD2130A5D1}.Release|Any CPU.ActiveCfg = Release|Any CPU
		{A085E387-C54A-464E-A4F5-BBAD2130A5D1}.Release|Any CPU.Build.0 = Release|Any CPU
		{D7BDEB41-0B6E-4874-B827-5F6568768E57}.Debug|Any CPU.ActiveCfg = Debug|Any CPU
		{D7BDEB41-0B6E-4874-B827-5F6568768E57}.Debug|Any CPU.Build.0 = Debug|Any CPU
		{D7BDEB41-0B6E-4874-B827-5F6568768E57}.Release|Any CPU.ActiveCfg = Release|Any CPU
		{D7BDEB41-0B6E-4874-B827-5F6568768E57}.Release|Any CPU.Build.0 = Release|Any CPU
		{ACE79AB8-A3F2-495E-8263-C0AB51804987}.Debug|Any CPU.ActiveCfg = Debug|Any CPU
		{ACE79AB8-A3F2-495E-8263-C0AB51804987}.Debug|Any CPU.Build.0 = Debug|Any CPU
		{ACE79AB8-A3F2-495E-8263-C0AB51804987}.Release|Any CPU.ActiveCfg = Release|Any CPU
		{ACE79AB8-A3F2-495E-8263-C0AB51804987}.Release|Any CPU.Build.0 = Release|Any CPU
		{0C108DF9-C050-4D10-89DC-9B5576C1341D}.Debug|Any CPU.ActiveCfg = Debug|Any CPU
		{0C108DF9-C050-4D10-89DC-9B5576C1341D}.Debug|Any CPU.Build.0 = Debug|Any CPU
		{0C108DF9-C050-4D10-89DC-9B5576C1341D}.Release|Any CPU.ActiveCfg = Release|Any CPU
		{0C108DF9-C050-4D10-89DC-9B5576C1341D}.Release|Any CPU.Build.0 = Release|Any CPU
		{CBE0005E-A480-4E80-8DD2-6548B25F6914}.Debug|Any CPU.ActiveCfg = Debug|Any CPU
		{CBE0005E-A480-4E80-8DD2-6548B25F6914}.Debug|Any CPU.Build.0 = Debug|Any CPU
		{CBE0005E-A480-4E80-8DD2-6548B25F6914}.Release|Any CPU.ActiveCfg = Release|Any CPU
		{CBE0005E-A480-4E80-8DD2-6548B25F6914}.Release|Any CPU.Build.0 = Release|Any CPU
		{9EA582A7-0A39-4EAD-9F87-20CF93A27175}.Debug|Any CPU.ActiveCfg = Debug|Any CPU
		{9EA582A7-0A39-4EAD-9F87-20CF93A27175}.Debug|Any CPU.Build.0 = Debug|Any CPU
		{9EA582A7-0A39-4EAD-9F87-20CF93A27175}.Release|Any CPU.ActiveCfg = Release|Any CPU
		{9EA582A7-0A39-4EAD-9F87-20CF93A27175}.Release|Any CPU.Build.0 = Release|Any CPU
		{817B15B9-64AC-4AEC-8CF4-66C9BBB93D5F}.Debug|Any CPU.ActiveCfg = Debug|Any CPU
		{817B15B9-64AC-4AEC-8CF4-66C9BBB93D5F}.Debug|Any CPU.Build.0 = Debug|Any CPU
		{817B15B9-64AC-4AEC-8CF4-66C9BBB93D5F}.Release|Any CPU.ActiveCfg = Release|Any CPU
		{817B15B9-64AC-4AEC-8CF4-66C9BBB93D5F}.Release|Any CPU.Build.0 = Release|Any CPU
		{60C3B8DD-D041-4053-8A37-DC37ACDF9113}.Debug|Any CPU.ActiveCfg = Debug|Any CPU
		{60C3B8DD-D041-4053-8A37-DC37ACDF9113}.Debug|Any CPU.Build.0 = Debug|Any CPU
		{60C3B8DD-D041-4053-8A37-DC37ACDF9113}.Release|Any CPU.ActiveCfg = Release|Any CPU
		{60C3B8DD-D041-4053-8A37-DC37ACDF9113}.Release|Any CPU.Build.0 = Release|Any CPU
		{5FA563C5-DEA9-48E5-9C13-97E83482DEE9}.Debug|Any CPU.ActiveCfg = Debug|Any CPU
		{5FA563C5-DEA9-48E5-9C13-97E83482DEE9}.Debug|Any CPU.Build.0 = Debug|Any CPU
		{5FA563C5-DEA9-48E5-9C13-97E83482DEE9}.Release|Any CPU.ActiveCfg = Release|Any CPU
		{5FA563C5-DEA9-48E5-9C13-97E83482DEE9}.Release|Any CPU.Build.0 = Release|Any CPU
		{9D5B3D32-4DAD-4211-852A-5CB0FF8853B0}.Debug|Any CPU.ActiveCfg = Debug|Any CPU
		{9D5B3D32-4DAD-4211-852A-5CB0FF8853B0}.Debug|Any CPU.Build.0 = Debug|Any CPU
		{9D5B3D32-4DAD-4211-852A-5CB0FF8853B0}.Release|Any CPU.ActiveCfg = Release|Any CPU
		{9D5B3D32-4DAD-4211-852A-5CB0FF8853B0}.Release|Any CPU.Build.0 = Release|Any CPU
		{F02714D0-FBFF-4E16-81BE-3A00F089892A}.Debug|Any CPU.ActiveCfg = Debug|Any CPU
		{F02714D0-FBFF-4E16-81BE-3A00F089892A}.Debug|Any CPU.Build.0 = Debug|Any CPU
		{F02714D0-FBFF-4E16-81BE-3A00F089892A}.Release|Any CPU.ActiveCfg = Release|Any CPU
		{F02714D0-FBFF-4E16-81BE-3A00F089892A}.Release|Any CPU.Build.0 = Release|Any CPU
		{2D3EAB69-30E4-4420-B05E-35B50F06440C}.Debug|Any CPU.ActiveCfg = Debug|Any CPU
		{2D3EAB69-30E4-4420-B05E-35B50F06440C}.Debug|Any CPU.Build.0 = Debug|Any CPU
		{2D3EAB69-30E4-4420-B05E-35B50F06440C}.Release|Any CPU.ActiveCfg = Release|Any CPU
		{2D3EAB69-30E4-4420-B05E-35B50F06440C}.Release|Any CPU.Build.0 = Release|Any CPU
		{D57E5C89-6790-4E1F-957C-A8D44241AFAF}.Debug|Any CPU.ActiveCfg = Debug|Any CPU
		{D57E5C89-6790-4E1F-957C-A8D44241AFAF}.Debug|Any CPU.Build.0 = Debug|Any CPU
		{D57E5C89-6790-4E1F-957C-A8D44241AFAF}.Release|Any CPU.ActiveCfg = Release|Any CPU
		{D57E5C89-6790-4E1F-957C-A8D44241AFAF}.Release|Any CPU.Build.0 = Release|Any CPU
		{9E034C8D-A572-4298-A6F5-DACEC9CC6362}.Debug|Any CPU.ActiveCfg = Debug|Any CPU
		{9E034C8D-A572-4298-A6F5-DACEC9CC6362}.Debug|Any CPU.Build.0 = Debug|Any CPU
		{9E034C8D-A572-4298-A6F5-DACEC9CC6362}.Release|Any CPU.ActiveCfg = Release|Any CPU
		{9E034C8D-A572-4298-A6F5-DACEC9CC6362}.Release|Any CPU.Build.0 = Release|Any CPU
		{3214CA82-C917-4300-B82F-C772479513A7}.Debug|Any CPU.ActiveCfg = Debug|Any CPU
		{3214CA82-C917-4300-B82F-C772479513A7}.Debug|Any CPU.Build.0 = Debug|Any CPU
		{3214CA82-C917-4300-B82F-C772479513A7}.Release|Any CPU.ActiveCfg = Release|Any CPU
		{3214CA82-C917-4300-B82F-C772479513A7}.Release|Any CPU.Build.0 = Release|Any CPU
	EndGlobalSection
	GlobalSection(SolutionProperties) = preSolution
		HideSolutionNode = FALSE
	EndGlobalSection
	GlobalSection(NestedProjects) = preSolution
		{E14AF59F-958A-4298-8673-759A5CC67206} = {8AD07C1A-B654-4D63-BA02-CCC283192007}
		{4FF7C167-427B-4142-9509-22B3596EA315} = {E14AF59F-958A-4298-8673-759A5CC67206}
		{D253F28E-FBE5-47C0-9325-2CB55ADB92CD} = {E14AF59F-958A-4298-8673-759A5CC67206}
		{2CBC25FB-4CE8-438D-B53C-C9633B2E9932} = {E14AF59F-958A-4298-8673-759A5CC67206}
		{1C207893-0986-48FE-948B-35E780574030} = {E14AF59F-958A-4298-8673-759A5CC67206}
		{522FEFF5-D234-433D-9D18-D406A98BC2EA} = {E14AF59F-958A-4298-8673-759A5CC67206}
		{0C4B3C3A-8013-4B89-AE29-AB0F53996A69} = {31D07272-46F9-4C1E-966F-AC23A79CD639}
		{E429DAB5-32E9-48FB-995D-7806E2E114E2} = {31D07272-46F9-4C1E-966F-AC23A79CD639}
		{AB315139-5252-48A5-8193-1977EB696248} = {0C4B3C3A-8013-4B89-AE29-AB0F53996A69}
		{B43C476E-58DD-4122-8AA8-DB5E26D2CD72} = {0C4B3C3A-8013-4B89-AE29-AB0F53996A69}
		{E28677AD-6F4D-4C07-B05E-C9CB40C7AB5E} = {E429DAB5-32E9-48FB-995D-7806E2E114E2}
		{44C79AF2-B0B3-404F-B437-A04C82B0B57B} = {8AD07C1A-B654-4D63-BA02-CCC283192007}
		{2700AB47-636E-4D10-98BC-67C3189AACB4} = {44C79AF2-B0B3-404F-B437-A04C82B0B57B}
		{203DE8DD-CC13-4857-A98D-F0BC32AD71BA} = {34A438BD-31FB-4AC8-8139-ED98994FF08F}
		{403AA2FF-4781-4CF2-90BA-11B7F021A337} = {203DE8DD-CC13-4857-A98D-F0BC32AD71BA}
		{1FD6B13B-E9A6-46FB-8B7B-D3E1A693FBBA} = {44C79AF2-B0B3-404F-B437-A04C82B0B57B}
		{786C3909-D72E-4660-8233-6A94960D5798} = {44C79AF2-B0B3-404F-B437-A04C82B0B57B}
		{A085E387-C54A-464E-A4F5-BBAD2130A5D1} = {E31BAA2D-B8BA-4FE4-87C5-09FBFD43FD6E}
		{E57F252C-8F68-489C-8987-C23D12EDB857} = {34A438BD-31FB-4AC8-8139-ED98994FF08F}
		{6514B3C4-8BC4-4A32-AE76-DD60C7FF4628} = {E57F252C-8F68-489C-8987-C23D12EDB857}
		{DA015CBF-9DE1-4E1A-80CA-90860F3A0BBE} = {203DE8DD-CC13-4857-A98D-F0BC32AD71BA}
		{D7BDEB41-0B6E-4874-B827-5F6568768E57} = {8AD07C1A-B654-4D63-BA02-CCC283192007}
		{7A4055D1-4B5F-4278-92CC-03117B1834DB} = {8AD07C1A-B654-4D63-BA02-CCC283192007}
		{ACE79AB8-A3F2-495E-8263-C0AB51804987} = {7A4055D1-4B5F-4278-92CC-03117B1834DB}
		{0C108DF9-C050-4D10-89DC-9B5576C1341D} = {44C79AF2-B0B3-404F-B437-A04C82B0B57B}
		{08FB74A1-AF5B-4136-8D51-5B50E0088BB7} = {E57F252C-8F68-489C-8987-C23D12EDB857}
		{CBE0005E-A480-4E80-8DD2-6548B25F6914} = {31D07272-46F9-4C1E-966F-AC23A79CD639}
		{E516BB28-415D-4272-AC0A-0DC5948CBE61} = {77BF20A9-EA2E-42FC-8D51-CA37B7DEDBAF}
		{9EA582A7-0A39-4EAD-9F87-20CF93A27175} = {E516BB28-415D-4272-AC0A-0DC5948CBE61}
		{817B15B9-64AC-4AEC-8CF4-66C9BBB93D5F} = {44C79AF2-B0B3-404F-B437-A04C82B0B57B}
		{60C3B8DD-D041-4053-8A37-DC37ACDF9113} = {44C79AF2-B0B3-404F-B437-A04C82B0B57B}
		{86B778DC-F2E0-4101-89DA-19EED084C44F} = {8AD07C1A-B654-4D63-BA02-CCC283192007}
		{5FA563C5-DEA9-48E5-9C13-97E83482DEE9} = {86B778DC-F2E0-4101-89DA-19EED084C44F}
		{9D5B3D32-4DAD-4211-852A-5CB0FF8853B0} = {44C79AF2-B0B3-404F-B437-A04C82B0B57B}
		{806748D8-C667-449F-A11E-E3CF46F7516D} = {8AD07C1A-B654-4D63-BA02-CCC283192007}
		{F02714D0-FBFF-4E16-81BE-3A00F089892A} = {806748D8-C667-449F-A11E-E3CF46F7516D}
		{2D3EAB69-30E4-4420-B05E-35B50F06440C} = {806748D8-C667-449F-A11E-E3CF46F7516D}
		{D57E5C89-6790-4E1F-957C-A8D44241AFAF} = {806748D8-C667-449F-A11E-E3CF46F7516D}
		{9E034C8D-A572-4298-A6F5-DACEC9CC6362} = {806748D8-C667-449F-A11E-E3CF46F7516D}
		{3214CA82-C917-4300-B82F-C772479513A7} = {806748D8-C667-449F-A11E-E3CF46F7516D}
	EndGlobalSection
EndGlobal
